
Microsoft Visual Studio Solution File, Format Version 12.00
# Visual Studio 14
VisualStudioVersion = 14.0.25420.1
MinimumVisualStudioVersion = 10.0.40219.1
Project("{FAE04EC0-301F-11D3-BF4B-00C04F79EFBC}") = "LuminosityWebAPI.Domain", "LuminosityWebAPI.Domain\LuminosityWebAPI.Domain.csproj", "{B36C16E4-87F3-40B5-8323-2514B0017E9C}"
EndProject
Project("{FAE04EC0-301F-11D3-BF4B-00C04F79EFBC}") = "LuminosityWebAPI.Infra", "LuminosityWebAPI.Infra\LuminosityWebAPI.Infra.csproj", "{351C6017-F0DA-4690-972F-002AD23F6214}"
EndProject
Project("{FAE04EC0-301F-11D3-BF4B-00C04F79EFBC}") = "LuminosityWebAPI.Api", "LuminosityWebAPI.Api\LuminosityWebAPI.Api.csproj", "{F8F778F4-E845-49C0-879B-D0DE6101E6CD}"
EndProject
Project("{2150E333-8FDC-42A3-9474-1A3956D46DE8}") = "Diagrams", "Diagrams", "{16419852-2ED6-46E7-932F-8063AA1B4370}"
	ProjectSection(SolutionItems) = preProject
		LuminosityWebAPI.Api\AppClassDiagram.cd = LuminosityWebAPI.Api\AppClassDiagram.cd
	EndProjectSection
EndProject
Global
	GlobalSection(SolutionConfigurationPlatforms) = preSolution
		Debug|Any CPU = Debug|Any CPU
		Release|Any CPU = Release|Any CPU
	EndGlobalSection
	GlobalSection(ProjectConfigurationPlatforms) = postSolution
		{B36C16E4-87F3-40B5-8323-2514B0017E9C}.Debug|Any CPU.ActiveCfg = Debug|Any CPU
		{B36C16E4-87F3-40B5-8323-2514B0017E9C}.Debug|Any CPU.Build.0 = Debug|Any CPU
		{B36C16E4-87F3-40B5-8323-2514B0017E9C}.Release|Any CPU.ActiveCfg = Release|Any CPU
		{B36C16E4-87F3-40B5-8323-2514B0017E9C}.Release|Any CPU.Build.0 = Release|Any CPU
		{351C6017-F0DA-4690-972F-002AD23F6214}.Debug|Any CPU.ActiveCfg = Debug|Any CPU
		{351C6017-F0DA-4690-972F-002AD23F6214}.Debug|Any CPU.Build.0 = Debug|Any CPU
		{351C6017-F0DA-4690-972F-002AD23F6214}.Release|Any CPU.ActiveCfg = Release|Any CPU
		{351C6017-F0DA-4690-972F-002AD23F6214}.Release|Any CPU.Build.0 = Release|Any CPU
		{F8F778F4-E845-49C0-879B-D0DE6101E6CD}.Debug|Any CPU.ActiveCfg = Debug|Any CPU
		{F8F778F4-E845-49C0-879B-D0DE6101E6CD}.Debug|Any CPU.Build.0 = Debug|Any CPU
		{F8F778F4-E845-49C0-879B-D0DE6101E6CD}.Release|Any CPU.ActiveCfg = Release|Any CPU
		{F8F778F4-E845-49C0-879B-D0DE6101E6CD}.Release|Any CPU.Build.0 = Release|Any CPU
	EndGlobalSection
	GlobalSection(SolutionProperties) = preSolution
		HideSolutionNode = FALSE
	EndGlobalSection
EndGlobal
